
Microsoft Visual Studio Solution File, Format Version 12.00
# Visual Studio Version 17
VisualStudioVersion = 17.1.32210.238
MinimumVisualStudioVersion = 10.0.40219.1
Project("{8BC9CEB8-8B4A-11D0-8D11-00A0C91BC942}") = "OOP_HomeWork3", "OOP_HomeWork3\OOP_HomeWork3.vcxproj", "{EC179FDE-7177-4BDE-84CC-DF355A1BF447}"
EndProject
Global
	GlobalSection(SolutionConfigurationPlatforms) = preSolution
		Debug|x64 = Debug|x64
		Debug|x86 = Debug|x86
		Release|x64 = Release|x64
		Release|x86 = Release|x86
	EndGlobalSection
	GlobalSection(ProjectConfigurationPlatforms) = postSolution
		{EC179FDE-7177-4BDE-84CC-DF355A1BF447}.Debug|x64.ActiveCfg = Debug|x64
		{EC179FDE-7177-4BDE-84CC-DF355A1BF447}.Debug|x64.Build.0 = Debug|x64
		{EC179FDE-7177-4BDE-84CC-DF355A1BF447}.Debug|x86.ActiveCfg = Debug|Win32
		{EC179FDE-7177-4BDE-84CC-DF355A1BF447}.Debug|x86.Build.0 = Debug|Win32
		{EC179FDE-7177-4BDE-84CC-DF355A1BF447}.Release|x64.ActiveCfg = Release|x64
		{EC179FDE-7177-4BDE-84CC-DF355A1BF447}.Release|x64.Build.0 = Release|x64
		{EC179FDE-7177-4BDE-84CC-DF355A1BF447}.Release|x86.ActiveCfg = Release|Win32
		{EC179FDE-7177-4BDE-84CC-DF355A1BF447}.Release|x86.Build.0 = Release|Win32
	EndGlobalSection
	GlobalSection(SolutionProperties) = preSolution
		HideSolutionNode = FALSE
	EndGlobalSection
	GlobalSection(ExtensibilityGlobals) = postSolution
		SolutionGuid = {979979D1-A43E-401D-A123-ED7301EF70E2}
	EndGlobalSection
EndGlobal
